
Microsoft Visual Studio Solution File, Format Version 12.00
# Visual Studio Version 16
VisualStudioVersion = 16.0.31624.102
MinimumVisualStudioVersion = 10.0.40219.1
Project("{FAE04EC0-301F-11D3-BF4B-00C04F79EFBC}") = "University_GPA", "University_GPA\University_GPA.csproj", "{F4D238C1-A86E-404A-B607-4A05A98DBEA7}"
EndProject
Global
	GlobalSection(SolutionConfigurationPlatforms) = preSolution
		Debug|Any CPU = Debug|Any CPU
		Release|Any CPU = Release|Any CPU
	EndGlobalSection
	GlobalSection(ProjectConfigurationPlatforms) = postSolution
		{F4D238C1-A86E-404A-B607-4A05A98DBEA7}.Debug|Any CPU.ActiveCfg = Debug|Any CPU
		{F4D238C1-A86E-404A-B607-4A05A98DBEA7}.Debug|Any CPU.Build.0 = Debug|Any CPU
		{F4D238C1-A86E-404A-B607-4A05A98DBEA7}.Release|Any CPU.ActiveCfg = Release|Any CPU
		{F4D238C1-A86E-404A-B607-4A05A98DBEA7}.Release|Any CPU.Build.0 = Release|Any CPU
	EndGlobalSection
	GlobalSection(SolutionProperties) = preSolution
		HideSolutionNode = FALSE
	EndGlobalSection
	GlobalSection(ExtensibilityGlobals) = postSolution
		SolutionGuid = {56F1EBF1-0BA0-46A5-A370-BDD94D5317D7}
	EndGlobalSection
EndGlobal
